
Microsoft Visual Studio Solution File, Format Version 12.00
# Visual Studio Version 17
VisualStudioVersion = 17.11.35208.52
MinimumVisualStudioVersion = 10.0.40219.1
Project("{FAE04EC0-301F-11D3-BF4B-00C04F79EFBC}") = "Week-4-Prac1", "Week-4-Prac1\Week-4-Prac1.csproj", "{E0ADD445-E4F1-41E1-9C1B-014CF11F17F1}"
EndProject
Global
	GlobalSection(SolutionConfigurationPlatforms) = preSolution
		Debug|Any CPU = Debug|Any CPU
		Release|Any CPU = Release|Any CPU
	EndGlobalSection
	GlobalSection(ProjectConfigurationPlatforms) = postSolution
		{E0ADD445-E4F1-41E1-9C1B-014CF11F17F1}.Debug|Any CPU.ActiveCfg = Debug|Any CPU
		{E0ADD445-E4F1-41E1-9C1B-014CF11F17F1}.Debug|Any CPU.Build.0 = Debug|Any CPU
		{E0ADD445-E4F1-41E1-9C1B-014CF11F17F1}.Release|Any CPU.ActiveCfg = Release|Any CPU
		{E0ADD445-E4F1-41E1-9C1B-014CF11F17F1}.Release|Any CPU.Build.0 = Release|Any CPU
	EndGlobalSection
	GlobalSection(SolutionProperties) = preSolution
		HideSolutionNode = FALSE
	EndGlobalSection
	GlobalSection(ExtensibilityGlobals) = postSolution
		SolutionGuid = {2EFCFB57-50AA-4C50-B7FD-A680AFBB93CE}
	EndGlobalSection
EndGlobal
